
Microsoft Visual Studio Solution File, Format Version 12.00
# Visual Studio Version 17
VisualStudioVersion = 17.0.31903.59
MinimumVisualStudioVersion = 10.0.40219.1
Project("{2150E333-8FDC-42A3-9474-1A3956D46DE8}") = "src", "src", "{827E0CD3-B72D-47B6-A68D-7590B98EB39B}"
EndProject
Project("{2150E333-8FDC-42A3-9474-1A3956D46DE8}") = "C#", "C#", "{76633F61-B488-C1A1-31E3-FEF39F0E21AD}"
EndProject
Project("{FAE04EC0-301F-11D3-BF4B-00C04F79EFBC}") = "AlgorithmsLibrary", "src\C#\AlgorithmsLibrary.csproj", "{56750B21-26D4-4B0B-8E67-6EA778F3EFEA}"
EndProject
Project("{2150E333-8FDC-42A3-9474-1A3956D46DE8}") = "tests", "tests", "{0AB3BF05-4346-4AA6-1389-037BE0695223}"
EndProject
Project("{2150E333-8FDC-42A3-9474-1A3956D46DE8}") = "C#", "C#", "{538F6777-504D-3110-98D0-4DFCF3AA4807}"
EndProject
Project("{FAE04EC0-301F-11D3-BF4B-00C04F79EFBC}") = "Tests", "tests\C#\Tests.csproj", "{656AD19F-0922-4F86-BA58-90AF8EDC83D2}"
EndProject
Global
	GlobalSection(SolutionConfigurationPlatforms) = preSolution
		Debug|Any CPU = Debug|Any CPU
		Debug|x64 = Debug|x64
		Debug|x86 = Debug|x86
		Release|Any CPU = Release|Any CPU
		Release|x64 = Release|x64
		Release|x86 = Release|x86
	EndGlobalSection
	GlobalSection(ProjectConfigurationPlatforms) = postSolution
		{56750B21-26D4-4B0B-8E67-6EA778F3EFEA}.Debug|Any CPU.ActiveCfg = Debug|Any CPU
		{56750B21-26D4-4B0B-8E67-6EA778F3EFEA}.Debug|Any CPU.Build.0 = Debug|Any CPU
		{56750B21-26D4-4B0B-8E67-6EA778F3EFEA}.Debug|x64.ActiveCfg = Debug|Any CPU
		{56750B21-26D4-4B0B-8E67-6EA778F3EFEA}.Debug|x64.Build.0 = Debug|Any CPU
		{56750B21-26D4-4B0B-8E67-6EA778F3EFEA}.Debug|x86.ActiveCfg = Debug|Any CPU
		{56750B21-26D4-4B0B-8E67-6EA778F3EFEA}.Debug|x86.Build.0 = Debug|Any CPU
		{56750B21-26D4-4B0B-8E67-6EA778F3EFEA}.Release|Any CPU.ActiveCfg = Release|Any CPU
		{56750B21-26D4-4B0B-8E67-6EA778F3EFEA}.Release|Any CPU.Build.0 = Release|Any CPU
		{56750B21-26D4-4B0B-8E67-6EA778F3EFEA}.Release|x64.ActiveCfg = Release|Any CPU
		{56750B21-26D4-4B0B-8E67-6EA778F3EFEA}.Release|x64.Build.0 = Release|Any CPU
		{56750B21-26D4-4B0B-8E67-6EA778F3EFEA}.Release|x86.ActiveCfg = Release|Any CPU
		{56750B21-26D4-4B0B-8E67-6EA778F3EFEA}.Release|x86.Build.0 = Release|Any CPU
		{656AD19F-0922-4F86-BA58-90AF8EDC83D2}.Debug|Any CPU.ActiveCfg = Debug|Any CPU
		{656AD19F-0922-4F86-BA58-90AF8EDC83D2}.Debug|Any CPU.Build.0 = Debug|Any CPU
		{656AD19F-0922-4F86-BA58-90AF8EDC83D2}.Debug|x64.ActiveCfg = Debug|Any CPU
		{656AD19F-0922-4F86-BA58-90AF8EDC83D2}.Debug|x64.Build.0 = Debug|Any CPU
		{656AD19F-0922-4F86-BA58-90AF8EDC83D2}.Debug|x86.ActiveCfg = Debug|Any CPU
		{656AD19F-0922-4F86-BA58-90AF8EDC83D2}.Debug|x86.Build.0 = Debug|Any CPU
		{656AD19F-0922-4F86-BA58-90AF8EDC83D2}.Release|Any CPU.ActiveCfg = Release|Any CPU
		{656AD19F-0922-4F86-BA58-90AF8EDC83D2}.Release|Any CPU.Build.0 = Release|Any CPU
		{656AD19F-0922-4F86-BA58-90AF8EDC83D2}.Release|x64.ActiveCfg = Release|Any CPU
		{656AD19F-0922-4F86-BA58-90AF8EDC83D2}.Release|x64.Build.0 = Release|Any CPU
		{656AD19F-0922-4F86-BA58-90AF8EDC83D2}.Release|x86.ActiveCfg = Release|Any CPU
		{656AD19F-0922-4F86-BA58-90AF8EDC83D2}.Release|x86.Build.0 = Release|Any CPU
	EndGlobalSection
	GlobalSection(SolutionProperties) = preSolution
		HideSolutionNode = FALSE
	EndGlobalSection
	GlobalSection(NestedProjects) = preSolution
		{76633F61-B488-C1A1-31E3-FEF39F0E21AD} = {827E0CD3-B72D-47B6-A68D-7590B98EB39B}
		{56750B21-26D4-4B0B-8E67-6EA778F3EFEA} = {76633F61-B488-C1A1-31E3-FEF39F0E21AD}
		{538F6777-504D-3110-98D0-4DFCF3AA4807} = {0AB3BF05-4346-4AA6-1389-037BE0695223}
		{656AD19F-0922-4F86-BA58-90AF8EDC83D2} = {538F6777-504D-3110-98D0-4DFCF3AA4807}
	EndGlobalSection
EndGlobal
